{
  "requires": true,
  "lockfileVersion": 1,
  "dependencies": {
    "marked": {
      "version": "1.1.1",
      "resolved": "https://registry.npm.taobao.org/marked/download/marked-1.1.1.tgz?cache=0&sync_timestamp=1594690149591&other_urls=https%3A%2F%2Fregistry.npm.taobao.org%2Fmarked%2Fdownload%2Fmarked-1.1.1.tgz",
      "integrity": "sha1-5dYbaYQiENXfV7BYVuDJFXJwPmo="
    }
  }
}
